
Microsoft Visual Studio Solution File, Format Version 12.00
# Visual Studio Version 16
VisualStudioVersion = 16.0.29209.62
MinimumVisualStudioVersion = 10.0.40219.1
Project("{FAE04EC0-301F-11D3-BF4B-00C04F79EFBC}") = "ConferenceBingo.Android", "ConferenceBingo\ConferenceBingo.Android\ConferenceBingo.Android.csproj", "{6B4EF448-5690-4A18-AB26-24997B450B48}"
EndProject
Project("{FAE04EC0-301F-11D3-BF4B-00C04F79EFBC}") = "ConferenceBingo.iOS", "ConferenceBingo\ConferenceBingo.iOS\ConferenceBingo.iOS.csproj", "{58C127CC-CB7C-428B-8800-B0CD808955A3}"
EndProject
Project("{FAE04EC0-301F-11D3-BF4B-00C04F79EFBC}") = "ConferenceBingo", "ConferenceBingo\ConferenceBingo\ConferenceBingo.csproj", "{EDD3160C-F0C1-4A8E-A7A3-51E99AB44D08}"
EndProject
Global
	GlobalSection(SolutionConfigurationPlatforms) = preSolution
		Debug|Any CPU = Debug|Any CPU
		Debug|iPhone = Debug|iPhone
		Debug|iPhoneSimulator = Debug|iPhoneSimulator
		Release|Any CPU = Release|Any CPU
		Release|iPhone = Release|iPhone
		Release|iPhoneSimulator = Release|iPhoneSimulator
	EndGlobalSection
	GlobalSection(ProjectConfigurationPlatforms) = postSolution
		{6B4EF448-5690-4A18-AB26-24997B450B48}.Debug|Any CPU.ActiveCfg = Debug|Any CPU
		{6B4EF448-5690-4A18-AB26-24997B450B48}.Debug|Any CPU.Build.0 = Debug|Any CPU
		{6B4EF448-5690-4A18-AB26-24997B450B48}.Debug|Any CPU.Deploy.0 = Debug|Any CPU
		{6B4EF448-5690-4A18-AB26-24997B450B48}.Debug|iPhone.ActiveCfg = Debug|Any CPU
		{6B4EF448-5690-4A18-AB26-24997B450B48}.Debug|iPhone.Build.0 = Debug|Any CPU
		{6B4EF448-5690-4A18-AB26-24997B450B48}.Debug|iPhone.Deploy.0 = Debug|Any CPU
		{6B4EF448-5690-4A18-AB26-24997B450B48}.Debug|iPhoneSimulator.ActiveCfg = Debug|Any CPU
		{6B4EF448-5690-4A18-AB26-24997B450B48}.Debug|iPhoneSimulator.Build.0 = Debug|Any CPU
		{6B4EF448-5690-4A18-AB26-24997B450B48}.Debug|iPhoneSimulator.Deploy.0 = Debug|Any CPU
		{6B4EF448-5690-4A18-AB26-24997B450B48}.Release|Any CPU.ActiveCfg = Release|Any CPU
		{6B4EF448-5690-4A18-AB26-24997B450B48}.Release|Any CPU.Build.0 = Release|Any CPU
		{6B4EF448-5690-4A18-AB26-24997B450B48}.Release|Any CPU.Deploy.0 = Release|Any CPU
		{6B4EF448-5690-4A18-AB26-24997B450B48}.Release|iPhone.ActiveCfg = Release|Any CPU
		{6B4EF448-5690-4A18-AB26-24997B450B48}.Release|iPhone.Build.0 = Release|Any CPU
		{6B4EF448-5690-4A18-AB26-24997B450B48}.Release|iPhone.Deploy.0 = Release|Any CPU
		{6B4EF448-5690-4A18-AB26-24997B450B48}.Release|iPhoneSimulator.ActiveCfg = Release|Any CPU
		{6B4EF448-5690-4A18-AB26-24997B450B48}.Release|iPhoneSimulator.Build.0 = Release|Any CPU
		{6B4EF448-5690-4A18-AB26-24997B450B48}.Release|iPhoneSimulator.Deploy.0 = Release|Any CPU
		{58C127CC-CB7C-428B-8800-B0CD808955A3}.Debug|Any CPU.ActiveCfg = Debug|iPhoneSimulator
		{58C127CC-CB7C-428B-8800-B0CD808955A3}.Debug|Any CPU.Build.0 = Debug|iPhoneSimulator
		{58C127CC-CB7C-428B-8800-B0CD808955A3}.Debug|Any CPU.Deploy.0 = Debug|iPhoneSimulator
		{58C127CC-CB7C-428B-8800-B0CD808955A3}.Debug|iPhone.ActiveCfg = Debug|iPhone
		{58C127CC-CB7C-428B-8800-B0CD808955A3}.Debug|iPhone.Build.0 = Debug|iPhone
		{58C127CC-CB7C-428B-8800-B0CD808955A3}.Debug|iPhone.Deploy.0 = Debug|iPhone
		{58C127CC-CB7C-428B-8800-B0CD808955A3}.Debug|iPhoneSimulator.ActiveCfg = Debug|iPhoneSimulator
		{58C127CC-CB7C-428B-8800-B0CD808955A3}.Debug|iPhoneSimulator.Build.0 = Debug|iPhoneSimulator
		{58C127CC-CB7C-428B-8800-B0CD808955A3}.Debug|iPhoneSimulator.Deploy.0 = Debug|iPhoneSimulator
		{58C127CC-CB7C-428B-8800-B0CD808955A3}.Release|Any CPU.ActiveCfg = Release|iPhone
		{58C127CC-CB7C-428B-8800-B0CD808955A3}.Release|Any CPU.Build.0 = Release|iPhone
		{58C127CC-CB7C-428B-8800-B0CD808955A3}.Release|Any CPU.Deploy.0 = Release|iPhone
		{58C127CC-CB7C-428B-8800-B0CD808955A3}.Release|iPhone.ActiveCfg = Release|iPhone
		{58C127CC-CB7C-428B-8800-B0CD808955A3}.Release|iPhone.Build.0 = Release|iPhone
		{58C127CC-CB7C-428B-8800-B0CD808955A3}.Release|iPhone.Deploy.0 = Release|iPhone
		{58C127CC-CB7C-428B-8800-B0CD808955A3}.Release|iPhoneSimulator.ActiveCfg = Release|iPhoneSimulator
		{58C127CC-CB7C-428B-8800-B0CD808955A3}.Release|iPhoneSimulator.Build.0 = Release|iPhoneSimulator
		{58C127CC-CB7C-428B-8800-B0CD808955A3}.Release|iPhoneSimulator.Deploy.0 = Release|iPhoneSimulator
		{EDD3160C-F0C1-4A8E-A7A3-51E99AB44D08}.Debug|Any CPU.ActiveCfg = Debug|Any CPU
		{EDD3160C-F0C1-4A8E-A7A3-51E99AB44D08}.Debug|Any CPU.Build.0 = Debug|Any CPU
		{EDD3160C-F0C1-4A8E-A7A3-51E99AB44D08}.Debug|Any CPU.Deploy.0 = Debug|Any CPU
		{EDD3160C-F0C1-4A8E-A7A3-51E99AB44D08}.Debug|iPhone.ActiveCfg = Debug|Any CPU
		{EDD3160C-F0C1-4A8E-A7A3-51E99AB44D08}.Debug|iPhone.Build.0 = Debug|Any CPU
		{EDD3160C-F0C1-4A8E-A7A3-51E99AB44D08}.Debug|iPhone.Deploy.0 = Debug|Any CPU
		{EDD3160C-F0C1-4A8E-A7A3-51E99AB44D08}.Debug|iPhoneSimulator.ActiveCfg = Debug|Any CPU
		{EDD3160C-F0C1-4A8E-A7A3-51E99AB44D08}.Debug|iPhoneSimulator.Build.0 = Debug|Any CPU
		{EDD3160C-F0C1-4A8E-A7A3-51E99AB44D08}.Debug|iPhoneSimulator.Deploy.0 = Debug|Any CPU
		{EDD3160C-F0C1-4A8E-A7A3-51E99AB44D08}.Release|Any CPU.ActiveCfg = Release|Any CPU
		{EDD3160C-F0C1-4A8E-A7A3-51E99AB44D08}.Release|Any CPU.Build.0 = Release|Any CPU
		{EDD3160C-F0C1-4A8E-A7A3-51E99AB44D08}.Release|Any CPU.Deploy.0 = Release|Any CPU
		{EDD3160C-F0C1-4A8E-A7A3-51E99AB44D08}.Release|iPhone.ActiveCfg = Release|Any CPU
		{EDD3160C-F0C1-4A8E-A7A3-51E99AB44D08}.Release|iPhone.Build.0 = Release|Any CPU
		{EDD3160C-F0C1-4A8E-A7A3-51E99AB44D08}.Release|iPhone.Deploy.0 = Release|Any CPU
		{EDD3160C-F0C1-4A8E-A7A3-51E99AB44D08}.Release|iPhoneSimulator.ActiveCfg = Release|Any CPU
		{EDD3160C-F0C1-4A8E-A7A3-51E99AB44D08}.Release|iPhoneSimulator.Build.0 = Release|Any CPU
		{EDD3160C-F0C1-4A8E-A7A3-51E99AB44D08}.Release|iPhoneSimulator.Deploy.0 = Release|Any CPU
	EndGlobalSection
	GlobalSection(SolutionProperties) = preSolution
		HideSolutionNode = FALSE
	EndGlobalSection
	GlobalSection(ExtensibilityGlobals) = postSolution
		SolutionGuid = {98DDB610-418E-4960-80D0-3F9AC0934DFD}
	EndGlobalSection
EndGlobal
